<?xml version="1.0" encoding="utf-8"?>
<Project ToolsVersion="4.0" xmlns="http://schemas.microsoft.com/developer/msbuild/2003">
  <ItemGroup>
    <Filter Include="Source Files">
      <UniqueIdentifier>{4FC737F1-C7A5-4376-A066-2A32D752A2FF}</UniqueIdentifier>
      <Extensions>cpp;c;cc;cxx;c++;cppm;ixx;def;odl;idl;hpj;bat;asm;asmx</Extensions>
    </Filter>
    <Filter Include="Header Files">
      <UniqueIdentifier>{93995380-89BD-4b04-88EB-625FBE52EBFB}</UniqueIdentifier>
      <Extensions>h;hh;hpp;hxx;h++;hm;inl;inc;ipp;xsd</Extensions>
    </Filter>
    <Filter Include="Resource Files">
      <UniqueIdentifier>{67DA6AB6-F800-4c08-8B7A-83BB121AAD01}</UniqueIdentifier>
      <Extensions>rc;ico;cur;bmp;dlg;rc2;rct;bin;rgs;gif;jpg;jpeg;jpe;resx;tiff;tif;png;wav;mfcribbon-ms</Extensions>
    </Filter>
  </ItemGroup>
  <ItemGroup>
    <ClCompile Include="Contact.c">
      <Filter>Source Files</Filter>
    </ClCompile>
    <ClCompile Include="Date.c">
      <Filter>Source Files</Filter>
    </ClCompile>
    <ClCompile Include="General.c">
      <Filter>Source Files</Filter>
    </ClCompile>
    <ClCompile Include="List.c">
      <Filter>Source Files</Filter>
    </ClCompile>
    <ClCompile Include="main.c">
      <Filter>Source Files</Filter>
    </ClCompile>
    <ClCompile Include="Feedback.c">
      <Filter>Source Files</Filter>
    </ClCompile>
    <ClCompile Include="Payment.c">
      <Filter>Source Files</Filter>
    </ClCompile>
    <ClCompile Include="Client.c">
      <Filter>Source Files</Filter>
    </ClCompile>
    <ClCompile Include="Candidate.c">
      <Filter>Source Files</Filter>
    </ClCompile>
    <ClCompile Include="Task.c">
      <Filter>Source Files</Filter>
    </ClCompile>
    <ClCompile Include="TeamMember.c">
      <Filter>Source Files</Filter>
    </ClCompile>
    <ClCompile Include="Company.c">
      <Filter>Source Files</Filter>
    </ClCompile>
    <ClCompile Include="CompanyBinaryFile.c">
      <Filter>Source Files</Filter>
    </ClCompile>
    <ClCompile Include="CompanyTextFile.c">
      <Filter>Source Files</Filter>
    </ClCompile>
    <ClCompile Include="Project.c">
      <Filter>Source Files</Filter>
    </ClCompile>
    <ClCompile Include="ProjectManagement.c">
      <Filter>Header Files</Filter>
    </ClCompile>
  </ItemGroup>
  <ItemGroup>
    <ClInclude Include="Contact.h">
      <Filter>Header Files</Filter>
    </ClInclude>
    <ClInclude Include="Date.h">
      <Filter>Header Files</Filter>
    </ClInclude>
    <ClInclude Include="def.h">
      <Filter>Header Files</Filter>
    </ClInclude>
    <ClInclude Include="List.h">
      <Filter>Header Files</Filter>
    </ClInclude>
    <ClInclude Include="General.h">
      <Filter>Header Files</Filter>
    </ClInclude>
    <ClInclude Include="Macros.h">
      <Filter>Header Files</Filter>
    </ClInclude>
    <ClInclude Include="Feedback.h">
      <Filter>Header Files</Filter>
    </ClInclude>
    <ClInclude Include="Payment.h">
      <Filter>Header Files</Filter>
    </ClInclude>
    <ClInclude Include="Client.h">
      <Filter>Header Files</Filter>
    </ClInclude>
    <ClInclude Include="TeamMember.h">
      <Filter>Header Files</Filter>
    </ClInclude>
    <ClInclude Include="Task.h">
      <Filter>Header Files</Filter>
    </ClInclude>
    <ClInclude Include="Candidate.h">
      <Filter>Header Files</Filter>
    </ClInclude>
    <ClInclude Include="ProjectManagement.h">
      <Filter>Header Files</Filter>
    </ClInclude>
    <ClInclude Include="Project.h">
      <Filter>Header Files</Filter>
    </ClInclude>
    <ClInclude Include="CompanyTextFile.h">
      <Filter>Header Files</Filter>
    </ClInclude>
    <ClInclude Include="CompanyBinaryFile.h">
      <Filter>Header Files</Filter>
    </ClInclude>
    <ClInclude Include="Company.h">
      <Filter>Header Files</Filter>
    </ClInclude>
  </ItemGroup>
  <ItemGroup>
    <Text Include="company.txt">
      <Filter>Resource Files</Filter>
    </Text>
  </ItemGroup>
</Project>